
Microsoft Visual Studio Solution File, Format Version 12.00
# Visual Studio Version 17
VisualStudioVersion = 17.0.31903.59
MinimumVisualStudioVersion = 10.0.40219.1
Project("{FAE04EC0-301F-11D3-BF4B-00C04F79EFBC}") = "test_praktik", "test_praktik\test_praktik.csproj", "{94469E23-72E3-4364-BF42-256C0C2C49D7}"
EndProject
Global
	GlobalSection(SolutionConfigurationPlatforms) = preSolution
		Debug|Any CPU = Debug|Any CPU
		Release|Any CPU = Release|Any CPU
	EndGlobalSection
	GlobalSection(ProjectConfigurationPlatforms) = postSolution
		{94469E23-72E3-4364-BF42-256C0C2C49D7}.Debug|Any CPU.ActiveCfg = Debug|Any CPU
		{94469E23-72E3-4364-BF42-256C0C2C49D7}.Debug|Any CPU.Build.0 = Debug|Any CPU
		{94469E23-72E3-4364-BF42-256C0C2C49D7}.Release|Any CPU.ActiveCfg = Release|Any CPU
		{94469E23-72E3-4364-BF42-256C0C2C49D7}.Release|Any CPU.Build.0 = Release|Any CPU
	EndGlobalSection
	GlobalSection(SolutionProperties) = preSolution
		HideSolutionNode = FALSE
	EndGlobalSection
	GlobalSection(ExtensibilityGlobals) = postSolution
		SolutionGuid = {BF0E79F9-7E7E-44E6-BD0D-621F63BBDC55}
	EndGlobalSection
EndGlobal
